
Microsoft Visual Studio Solution File, Format Version 12.00
# Visual Studio Version 17
VisualStudioVersion = 17.0.31903.59
MinimumVisualStudioVersion = 10.0.40219.1
Project("{9A19103F-16F7-4668-BE54-9A1E7A4F7556}") = "AzureAI.Proxy", "AzureAI.Proxy\AzureAI.Proxy.csproj", "{37B14733-479E-45B3-A1DD-1319A7540716}"
EndProject
Project("{9A19103F-16F7-4668-BE54-9A1E7A4F7556}") = "AzureAI.Proxy.Client", "AzureAI.Proxy.Client\AzureAI.Proxy.Client.csproj", "{6AC9FC04-2C0A-4D7D-95D0-127F0AF7AF5F}"
EndProject
Project("{FAE04EC0-301F-11D3-BF4B-00C04F79EFBC}") = "ResourceManagerResearch", "ResourceManagerResearch\ResourceManagerResearch.csproj", "{D0AEE11D-2D91-4A02-919A-F4D0784A01CA}"
EndProject
Global
	GlobalSection(SolutionConfigurationPlatforms) = preSolution
		Debug|Any CPU = Debug|Any CPU
		Release|Any CPU = Release|Any CPU
	EndGlobalSection
	GlobalSection(ProjectConfigurationPlatforms) = postSolution
		{37B14733-479E-45B3-A1DD-1319A7540716}.Debug|Any CPU.ActiveCfg = Debug|Any CPU
		{37B14733-479E-45B3-A1DD-1319A7540716}.Debug|Any CPU.Build.0 = Debug|Any CPU
		{37B14733-479E-45B3-A1DD-1319A7540716}.Release|Any CPU.ActiveCfg = Release|Any CPU
		{37B14733-479E-45B3-A1DD-1319A7540716}.Release|Any CPU.Build.0 = Release|Any CPU
		{6AC9FC04-2C0A-4D7D-95D0-127F0AF7AF5F}.Debug|Any CPU.ActiveCfg = Debug|Any CPU
		{6AC9FC04-2C0A-4D7D-95D0-127F0AF7AF5F}.Debug|Any CPU.Build.0 = Debug|Any CPU
		{6AC9FC04-2C0A-4D7D-95D0-127F0AF7AF5F}.Release|Any CPU.ActiveCfg = Release|Any CPU
		{6AC9FC04-2C0A-4D7D-95D0-127F0AF7AF5F}.Release|Any CPU.Build.0 = Release|Any CPU
		{D0AEE11D-2D91-4A02-919A-F4D0784A01CA}.Debug|Any CPU.ActiveCfg = Debug|Any CPU
		{D0AEE11D-2D91-4A02-919A-F4D0784A01CA}.Debug|Any CPU.Build.0 = Debug|Any CPU
		{D0AEE11D-2D91-4A02-919A-F4D0784A01CA}.Release|Any CPU.ActiveCfg = Release|Any CPU
		{D0AEE11D-2D91-4A02-919A-F4D0784A01CA}.Release|Any CPU.Build.0 = Release|Any CPU
	EndGlobalSection
	GlobalSection(SolutionProperties) = preSolution
		HideSolutionNode = FALSE
	EndGlobalSection
	GlobalSection(ExtensibilityGlobals) = postSolution
		SolutionGuid = {A15612B9-AFDB-43D0-8C45-721B85D078BC}
	EndGlobalSection
EndGlobal
