
Microsoft Visual Studio Solution File, Format Version 12.00
# Visual Studio Version 17
VisualStudioVersion = 17.0.31903.59
MinimumVisualStudioVersion = 10.0.40219.1
Project("{9A19103F-16F7-4668-BE54-9A1E7A4F7556}") = "Azure.OpenAI.ChargebackProxy", "Azure.OpenAI.ChargebackProxy\Azure.OpenAI.ChargebackProxy.csproj", "{30AAC9A1-C69A-4FE1-8A4C-1CE77A529A2F}"
EndProject
Project("{9A19103F-16F7-4668-BE54-9A1E7A4F7556}") = "Azure.OpenAI.ChargebackProxy.Client", "Azure.OpenAI.ChargebackProxy.Client\Azure.OpenAI.ChargebackProxy.Client.csproj", "{89EB7777-327F-406C-8AAE-16185B8ECE6F}"
EndProject
Global
	GlobalSection(SolutionConfigurationPlatforms) = preSolution
		Debug|Any CPU = Debug|Any CPU
		Release|Any CPU = Release|Any CPU
	EndGlobalSection
	GlobalSection(ProjectConfigurationPlatforms) = postSolution
		{30AAC9A1-C69A-4FE1-8A4C-1CE77A529A2F}.Debug|Any CPU.ActiveCfg = Debug|Any CPU
		{30AAC9A1-C69A-4FE1-8A4C-1CE77A529A2F}.Debug|Any CPU.Build.0 = Debug|Any CPU
		{30AAC9A1-C69A-4FE1-8A4C-1CE77A529A2F}.Release|Any CPU.ActiveCfg = Release|Any CPU
		{30AAC9A1-C69A-4FE1-8A4C-1CE77A529A2F}.Release|Any CPU.Build.0 = Release|Any CPU
		{89EB7777-327F-406C-8AAE-16185B8ECE6F}.Debug|Any CPU.ActiveCfg = Debug|Any CPU
		{89EB7777-327F-406C-8AAE-16185B8ECE6F}.Debug|Any CPU.Build.0 = Debug|Any CPU
		{89EB7777-327F-406C-8AAE-16185B8ECE6F}.Release|Any CPU.ActiveCfg = Release|Any CPU
		{89EB7777-327F-406C-8AAE-16185B8ECE6F}.Release|Any CPU.Build.0 = Release|Any CPU
	EndGlobalSection
	GlobalSection(SolutionProperties) = preSolution
		HideSolutionNode = FALSE
	EndGlobalSection
	GlobalSection(ExtensibilityGlobals) = postSolution
		SolutionGuid = {1986BA71-96F3-424A-909D-8039DB517236}
	EndGlobalSection
EndGlobal
